
Microsoft Visual Studio Solution File, Format Version 12.00
# Visual Studio Version 17
VisualStudioVersion = 17.0.31919.166
MinimumVisualStudioVersion = 10.0.40219.1
Project("{888888A0-9F3D-457C-B088-3A5042F75D52}") = "Presentation2", "Presentation2.pyproj", "{EECA18BB-F4FF-4806-9FDF-74EE7506A741}"
EndProject
Global
	GlobalSection(SolutionConfigurationPlatforms) = preSolution
		Debug|Any CPU = Debug|Any CPU
		Release|Any CPU = Release|Any CPU
	EndGlobalSection
	GlobalSection(ProjectConfigurationPlatforms) = postSolution
		{EECA18BB-F4FF-4806-9FDF-74EE7506A741}.Debug|Any CPU.ActiveCfg = Debug|Any CPU
		{EECA18BB-F4FF-4806-9FDF-74EE7506A741}.Release|Any CPU.ActiveCfg = Release|Any CPU
	EndGlobalSection
	GlobalSection(SolutionProperties) = preSolution
		HideSolutionNode = FALSE
	EndGlobalSection
	GlobalSection(ExtensibilityGlobals) = postSolution
		SolutionGuid = {B1009219-DA58-451F-9B89-57F9B565AD7F}
	EndGlobalSection
EndGlobal
